
Microsoft Visual Studio Solution File, Format Version 12.00
# Visual Studio 2013
VisualStudioVersion = 12.0.31101.0
MinimumVisualStudioVersion = 10.0.40219.1
Project("{2150E333-8FDC-42A3-9474-1A3956D46DE8}") = "Interactions", "Interactions", "{7CDECDD1-56BE-41A9-9737-22A6C40FAEAE}"
EndProject
Project("{2150E333-8FDC-42A3-9474-1A3956D46DE8}") = "Interactivity", "Interactivity", "{C15FC718-6048-4F46-B425-F42F552F206D}"
EndProject
Project("{FAE04EC0-301F-11D3-BF4B-00C04F79EFBC}") = "LZ.Interfaces", "LZ.Interfaces\Portable\LZ.Interfaces.csproj", "{E57B26BF-AA35-4AF5-9625-6B379AD5EFB3}"
EndProject
Project("{FAE04EC0-301F-11D3-BF4B-00C04F79EFBC}") = "LZ", "LZ\Portable\LZ.csproj", "{D61A9773-8E2E-470C-8D91-3760E9AEC8BC}"
EndProject
Project("{FAE04EC0-301F-11D3-BF4B-00C04F79EFBC}") = "LZ.Commanding", "LZ.Commanding\Portable\LZ.Commanding.csproj", "{ACBF33A7-AA4F-4877-ACD7-2656156CBD51}"
EndProject
Project("{FAE04EC0-301F-11D3-BF4B-00C04F79EFBC}") = "LZ.Metro", "LZ.Metro\Portable\LZ.Metro.csproj", "{E8F4304F-1C8A-43F3-A40C-F8784BCF735D}"
EndProject
Project("{FAE04EC0-301F-11D3-BF4B-00C04F79EFBC}") = "LZ.Security.OAuth", "LZ.Security.OAuth\Portable\LZ.Security.OAuth.csproj", "{E7127543-639F-4688-BF29-FDAFFFCC43F9}"
EndProject
Project("{FAE04EC0-301F-11D3-BF4B-00C04F79EFBC}") = "LZ.State", "LZ.State\Portable\LZ.State.csproj", "{9017A870-5ADD-4973-86BA-EF926897DDD6}"
EndProject
Project("{D954291E-2A0B-460D-934E-DC6B0785DB48}") = "LZ.Interactivity.Shared", "LZ.Interactivity\LZ.Metro.Interactivity.Shared\LZ.Interactivity.Shared.shproj", "{3BAF7036-C7F6-4F97-A02E-BFEAF51E6D1F}"
EndProject
Project("{FAE04EC0-301F-11D3-BF4B-00C04F79EFBC}") = "LZ.Interactivity.Win81", "LZ.Interactivity\Win81\LZ.Interactivity.Win81.csproj", "{62AC18CA-9192-4555-B03B-421A7590BD15}"
EndProject
Project("{FAE04EC0-301F-11D3-BF4B-00C04F79EFBC}") = "LZ.Interactivity.WP81", "LZ.Interactivity\WP81\LZ.Interactivity.WP81.csproj", "{30B3D604-B11D-466A-B2AF-0105484E6897}"
EndProject
Project("{FAE04EC0-301F-11D3-BF4B-00C04F79EFBC}") = "LZ.Interactions.Win81", "LZ.Interactions\Win81\LZ.Interactions.Win81.csproj", "{44634B3A-81B0-4A83-92B6-F60973737A44}"
EndProject
Project("{FAE04EC0-301F-11D3-BF4B-00C04F79EFBC}") = "LZ.Interactions.WP81", "LZ.Interactions\WP81\LZ.Interactions.WP81.csproj", "{03B7B4C9-F982-480B-8C92-0EED122DA6B6}"
EndProject
Project("{D954291E-2A0B-460D-934E-DC6B0785DB48}") = "LZ.Interactions.Shared", "LZ.Interactions\LZ.Metro.Interactions.Shared\LZ.Interactions.Shared.shproj", "{4361D5C0-7F47-4F48-BEA8-8BFDD11BC2FD}"
EndProject
Global
	GlobalSection(SharedMSBuildProjectFiles) = preSolution
		LZ.Interactivity\LZ.Metro.Interactivity.Shared\LZ.Interactivity.Shared.projitems*{30b3d604-b11d-466a-b2af-0105484e6897}*SharedItemsImports = 4
		LZ.Interactivity\LZ.Metro.Interactivity.Shared\LZ.Interactivity.Shared.projitems*{62ac18ca-9192-4555-b03b-421a7590bd15}*SharedItemsImports = 4
		LZ.Interactions\LZ.Metro.Interactions.Shared\LZ.Interactions.Shared.projitems*{4361d5c0-7f47-4f48-bea8-8bfdd11bc2fd}*SharedItemsImports = 13
		LZ.Interactions\LZ.Metro.Interactions.Shared\LZ.Interactions.Shared.projitems*{03b7b4c9-f982-480b-8c92-0eed122da6b6}*SharedItemsImports = 4
		LZ.Interactions\LZ.Metro.Interactions.Shared\LZ.Interactions.Shared.projitems*{44634b3a-81b0-4a83-92b6-f60973737a44}*SharedItemsImports = 4
		LZ.Interactivity\LZ.Metro.Interactivity.Shared\LZ.Interactivity.Shared.projitems*{3baf7036-c7f6-4f97-a02e-bfeaf51e6d1f}*SharedItemsImports = 13
	EndGlobalSection
	GlobalSection(SolutionConfigurationPlatforms) = preSolution
		Debug|Any CPU = Debug|Any CPU
		Debug|ARM = Debug|ARM
		Debug|x64 = Debug|x64
		Debug|x86 = Debug|x86
		Release|Any CPU = Release|Any CPU
		Release|ARM = Release|ARM
		Release|x64 = Release|x64
		Release|x86 = Release|x86
	EndGlobalSection
	GlobalSection(ProjectConfigurationPlatforms) = postSolution
		{E57B26BF-AA35-4AF5-9625-6B379AD5EFB3}.Debug|Any CPU.ActiveCfg = Debug|Any CPU
		{E57B26BF-AA35-4AF5-9625-6B379AD5EFB3}.Debug|Any CPU.Build.0 = Debug|Any CPU
		{E57B26BF-AA35-4AF5-9625-6B379AD5EFB3}.Debug|ARM.ActiveCfg = Debug|Any CPU
		{E57B26BF-AA35-4AF5-9625-6B379AD5EFB3}.Debug|x64.ActiveCfg = Debug|Any CPU
		{E57B26BF-AA35-4AF5-9625-6B379AD5EFB3}.Debug|x86.ActiveCfg = Debug|Any CPU
		{E57B26BF-AA35-4AF5-9625-6B379AD5EFB3}.Release|Any CPU.ActiveCfg = Release|Any CPU
		{E57B26BF-AA35-4AF5-9625-6B379AD5EFB3}.Release|Any CPU.Build.0 = Release|Any CPU
		{E57B26BF-AA35-4AF5-9625-6B379AD5EFB3}.Release|ARM.ActiveCfg = Release|Any CPU
		{E57B26BF-AA35-4AF5-9625-6B379AD5EFB3}.Release|x64.ActiveCfg = Release|Any CPU
		{E57B26BF-AA35-4AF5-9625-6B379AD5EFB3}.Release|x86.ActiveCfg = Release|Any CPU
		{D61A9773-8E2E-470C-8D91-3760E9AEC8BC}.Debug|Any CPU.ActiveCfg = Debug|Any CPU
		{D61A9773-8E2E-470C-8D91-3760E9AEC8BC}.Debug|Any CPU.Build.0 = Debug|Any CPU
		{D61A9773-8E2E-470C-8D91-3760E9AEC8BC}.Debug|ARM.ActiveCfg = Debug|Any CPU
		{D61A9773-8E2E-470C-8D91-3760E9AEC8BC}.Debug|x64.ActiveCfg = Debug|Any CPU
		{D61A9773-8E2E-470C-8D91-3760E9AEC8BC}.Debug|x86.ActiveCfg = Debug|Any CPU
		{D61A9773-8E2E-470C-8D91-3760E9AEC8BC}.Release|Any CPU.ActiveCfg = Release|Any CPU
		{D61A9773-8E2E-470C-8D91-3760E9AEC8BC}.Release|Any CPU.Build.0 = Release|Any CPU
		{D61A9773-8E2E-470C-8D91-3760E9AEC8BC}.Release|ARM.ActiveCfg = Release|Any CPU
		{D61A9773-8E2E-470C-8D91-3760E9AEC8BC}.Release|x64.ActiveCfg = Release|Any CPU
		{D61A9773-8E2E-470C-8D91-3760E9AEC8BC}.Release|x86.ActiveCfg = Release|Any CPU
		{ACBF33A7-AA4F-4877-ACD7-2656156CBD51}.Debug|Any CPU.ActiveCfg = Debug|Any CPU
		{ACBF33A7-AA4F-4877-ACD7-2656156CBD51}.Debug|Any CPU.Build.0 = Debug|Any CPU
		{ACBF33A7-AA4F-4877-ACD7-2656156CBD51}.Debug|ARM.ActiveCfg = Debug|Any CPU
		{ACBF33A7-AA4F-4877-ACD7-2656156CBD51}.Debug|x64.ActiveCfg = Debug|Any CPU
		{ACBF33A7-AA4F-4877-ACD7-2656156CBD51}.Debug|x86.ActiveCfg = Debug|Any CPU
		{ACBF33A7-AA4F-4877-ACD7-2656156CBD51}.Release|Any CPU.ActiveCfg = Release|Any CPU
		{ACBF33A7-AA4F-4877-ACD7-2656156CBD51}.Release|Any CPU.Build.0 = Release|Any CPU
		{ACBF33A7-AA4F-4877-ACD7-2656156CBD51}.Release|ARM.ActiveCfg = Release|Any CPU
		{ACBF33A7-AA4F-4877-ACD7-2656156CBD51}.Release|x64.ActiveCfg = Release|Any CPU
		{ACBF33A7-AA4F-4877-ACD7-2656156CBD51}.Release|x86.ActiveCfg = Release|Any CPU
		{E8F4304F-1C8A-43F3-A40C-F8784BCF735D}.Debug|Any CPU.ActiveCfg = Debug|Any CPU
		{E8F4304F-1C8A-43F3-A40C-F8784BCF735D}.Debug|Any CPU.Build.0 = Debug|Any CPU
		{E8F4304F-1C8A-43F3-A40C-F8784BCF735D}.Debug|ARM.ActiveCfg = Debug|ARM
		{E8F4304F-1C8A-43F3-A40C-F8784BCF735D}.Debug|ARM.Build.0 = Debug|ARM
		{E8F4304F-1C8A-43F3-A40C-F8784BCF735D}.Debug|x64.ActiveCfg = Debug|x64
		{E8F4304F-1C8A-43F3-A40C-F8784BCF735D}.Debug|x64.Build.0 = Debug|x64
		{E8F4304F-1C8A-43F3-A40C-F8784BCF735D}.Debug|x86.ActiveCfg = Debug|x86
		{E8F4304F-1C8A-43F3-A40C-F8784BCF735D}.Debug|x86.Build.0 = Debug|x86
		{E8F4304F-1C8A-43F3-A40C-F8784BCF735D}.Release|Any CPU.ActiveCfg = Release|Any CPU
		{E8F4304F-1C8A-43F3-A40C-F8784BCF735D}.Release|Any CPU.Build.0 = Release|Any CPU
		{E8F4304F-1C8A-43F3-A40C-F8784BCF735D}.Release|ARM.ActiveCfg = Release|ARM
		{E8F4304F-1C8A-43F3-A40C-F8784BCF735D}.Release|ARM.Build.0 = Release|ARM
		{E8F4304F-1C8A-43F3-A40C-F8784BCF735D}.Release|x64.ActiveCfg = Release|x64
		{E8F4304F-1C8A-43F3-A40C-F8784BCF735D}.Release|x64.Build.0 = Release|x64
		{E8F4304F-1C8A-43F3-A40C-F8784BCF735D}.Release|x86.ActiveCfg = Release|x86
		{E8F4304F-1C8A-43F3-A40C-F8784BCF735D}.Release|x86.Build.0 = Release|x86
		{E7127543-639F-4688-BF29-FDAFFFCC43F9}.Debug|Any CPU.ActiveCfg = Debug|Any CPU
		{E7127543-639F-4688-BF29-FDAFFFCC43F9}.Debug|Any CPU.Build.0 = Debug|Any CPU
		{E7127543-639F-4688-BF29-FDAFFFCC43F9}.Debug|ARM.ActiveCfg = Debug|Any CPU
		{E7127543-639F-4688-BF29-FDAFFFCC43F9}.Debug|x64.ActiveCfg = Debug|Any CPU
		{E7127543-639F-4688-BF29-FDAFFFCC43F9}.Debug|x86.ActiveCfg = Debug|Any CPU
		{E7127543-639F-4688-BF29-FDAFFFCC43F9}.Release|Any CPU.ActiveCfg = Release|Any CPU
		{E7127543-639F-4688-BF29-FDAFFFCC43F9}.Release|Any CPU.Build.0 = Release|Any CPU
		{E7127543-639F-4688-BF29-FDAFFFCC43F9}.Release|ARM.ActiveCfg = Release|Any CPU
		{E7127543-639F-4688-BF29-FDAFFFCC43F9}.Release|x64.ActiveCfg = Release|Any CPU
		{E7127543-639F-4688-BF29-FDAFFFCC43F9}.Release|x86.ActiveCfg = Release|Any CPU
		{9017A870-5ADD-4973-86BA-EF926897DDD6}.Debug|Any CPU.ActiveCfg = Debug|Any CPU
		{9017A870-5ADD-4973-86BA-EF926897DDD6}.Debug|Any CPU.Build.0 = Debug|Any CPU
		{9017A870-5ADD-4973-86BA-EF926897DDD6}.Debug|ARM.ActiveCfg = Debug|Any CPU
		{9017A870-5ADD-4973-86BA-EF926897DDD6}.Debug|x64.ActiveCfg = Debug|Any CPU
		{9017A870-5ADD-4973-86BA-EF926897DDD6}.Debug|x86.ActiveCfg = Debug|Any CPU
		{9017A870-5ADD-4973-86BA-EF926897DDD6}.Release|Any CPU.ActiveCfg = Release|Any CPU
		{9017A870-5ADD-4973-86BA-EF926897DDD6}.Release|Any CPU.Build.0 = Release|Any CPU
		{9017A870-5ADD-4973-86BA-EF926897DDD6}.Release|ARM.ActiveCfg = Release|Any CPU
		{9017A870-5ADD-4973-86BA-EF926897DDD6}.Release|x64.ActiveCfg = Release|Any CPU
		{9017A870-5ADD-4973-86BA-EF926897DDD6}.Release|x86.ActiveCfg = Release|Any CPU
		{62AC18CA-9192-4555-B03B-421A7590BD15}.Debug|Any CPU.ActiveCfg = Debug|Any CPU
		{62AC18CA-9192-4555-B03B-421A7590BD15}.Debug|Any CPU.Build.0 = Debug|Any CPU
		{62AC18CA-9192-4555-B03B-421A7590BD15}.Debug|ARM.ActiveCfg = Debug|ARM
		{62AC18CA-9192-4555-B03B-421A7590BD15}.Debug|ARM.Build.0 = Debug|ARM
		{62AC18CA-9192-4555-B03B-421A7590BD15}.Debug|x64.ActiveCfg = Debug|x64
		{62AC18CA-9192-4555-B03B-421A7590BD15}.Debug|x64.Build.0 = Debug|x64
		{62AC18CA-9192-4555-B03B-421A7590BD15}.Debug|x86.ActiveCfg = Debug|x86
		{62AC18CA-9192-4555-B03B-421A7590BD15}.Debug|x86.Build.0 = Debug|x86
		{62AC18CA-9192-4555-B03B-421A7590BD15}.Release|Any CPU.ActiveCfg = Release|Any CPU
		{62AC18CA-9192-4555-B03B-421A7590BD15}.Release|Any CPU.Build.0 = Release|Any CPU
		{62AC18CA-9192-4555-B03B-421A7590BD15}.Release|ARM.ActiveCfg = Release|ARM
		{62AC18CA-9192-4555-B03B-421A7590BD15}.Release|ARM.Build.0 = Release|ARM
		{62AC18CA-9192-4555-B03B-421A7590BD15}.Release|x64.ActiveCfg = Release|x64
		{62AC18CA-9192-4555-B03B-421A7590BD15}.Release|x64.Build.0 = Release|x64
		{62AC18CA-9192-4555-B03B-421A7590BD15}.Release|x86.ActiveCfg = Release|x86
		{62AC18CA-9192-4555-B03B-421A7590BD15}.Release|x86.Build.0 = Release|x86
		{30B3D604-B11D-466A-B2AF-0105484E6897}.Debug|Any CPU.ActiveCfg = Debug|Any CPU
		{30B3D604-B11D-466A-B2AF-0105484E6897}.Debug|Any CPU.Build.0 = Debug|Any CPU
		{30B3D604-B11D-466A-B2AF-0105484E6897}.Debug|ARM.ActiveCfg = Debug|ARM
		{30B3D604-B11D-466A-B2AF-0105484E6897}.Debug|ARM.Build.0 = Debug|ARM
		{30B3D604-B11D-466A-B2AF-0105484E6897}.Debug|x64.ActiveCfg = Debug|Any CPU
		{30B3D604-B11D-466A-B2AF-0105484E6897}.Debug|x86.ActiveCfg = Debug|x86
		{30B3D604-B11D-466A-B2AF-0105484E6897}.Debug|x86.Build.0 = Debug|x86
		{30B3D604-B11D-466A-B2AF-0105484E6897}.Release|Any CPU.ActiveCfg = Release|Any CPU
		{30B3D604-B11D-466A-B2AF-0105484E6897}.Release|Any CPU.Build.0 = Release|Any CPU
		{30B3D604-B11D-466A-B2AF-0105484E6897}.Release|ARM.ActiveCfg = Release|ARM
		{30B3D604-B11D-466A-B2AF-0105484E6897}.Release|ARM.Build.0 = Release|ARM
		{30B3D604-B11D-466A-B2AF-0105484E6897}.Release|x64.ActiveCfg = Release|Any CPU
		{30B3D604-B11D-466A-B2AF-0105484E6897}.Release|x86.ActiveCfg = Release|x86
		{30B3D604-B11D-466A-B2AF-0105484E6897}.Release|x86.Build.0 = Release|x86
		{44634B3A-81B0-4A83-92B6-F60973737A44}.Debug|Any CPU.ActiveCfg = Debug|Any CPU
		{44634B3A-81B0-4A83-92B6-F60973737A44}.Debug|Any CPU.Build.0 = Debug|Any CPU
		{44634B3A-81B0-4A83-92B6-F60973737A44}.Debug|ARM.ActiveCfg = Debug|ARM
		{44634B3A-81B0-4A83-92B6-F60973737A44}.Debug|ARM.Build.0 = Debug|ARM
		{44634B3A-81B0-4A83-92B6-F60973737A44}.Debug|x64.ActiveCfg = Debug|x64
		{44634B3A-81B0-4A83-92B6-F60973737A44}.Debug|x64.Build.0 = Debug|x64
		{44634B3A-81B0-4A83-92B6-F60973737A44}.Debug|x86.ActiveCfg = Debug|x86
		{44634B3A-81B0-4A83-92B6-F60973737A44}.Debug|x86.Build.0 = Debug|x86
		{44634B3A-81B0-4A83-92B6-F60973737A44}.Release|Any CPU.ActiveCfg = Release|Any CPU
		{44634B3A-81B0-4A83-92B6-F60973737A44}.Release|Any CPU.Build.0 = Release|Any CPU
		{44634B3A-81B0-4A83-92B6-F60973737A44}.Release|ARM.ActiveCfg = Release|ARM
		{44634B3A-81B0-4A83-92B6-F60973737A44}.Release|ARM.Build.0 = Release|ARM
		{44634B3A-81B0-4A83-92B6-F60973737A44}.Release|x64.ActiveCfg = Release|x64
		{44634B3A-81B0-4A83-92B6-F60973737A44}.Release|x64.Build.0 = Release|x64
		{44634B3A-81B0-4A83-92B6-F60973737A44}.Release|x86.ActiveCfg = Release|x86
		{44634B3A-81B0-4A83-92B6-F60973737A44}.Release|x86.Build.0 = Release|x86
		{03B7B4C9-F982-480B-8C92-0EED122DA6B6}.Debug|Any CPU.ActiveCfg = Debug|Any CPU
		{03B7B4C9-F982-480B-8C92-0EED122DA6B6}.Debug|Any CPU.Build.0 = Debug|Any CPU
		{03B7B4C9-F982-480B-8C92-0EED122DA6B6}.Debug|ARM.ActiveCfg = Debug|ARM
		{03B7B4C9-F982-480B-8C92-0EED122DA6B6}.Debug|ARM.Build.0 = Debug|ARM
		{03B7B4C9-F982-480B-8C92-0EED122DA6B6}.Debug|x64.ActiveCfg = Debug|Any CPU
		{03B7B4C9-F982-480B-8C92-0EED122DA6B6}.Debug|x86.ActiveCfg = Debug|x86
		{03B7B4C9-F982-480B-8C92-0EED122DA6B6}.Debug|x86.Build.0 = Debug|x86
		{03B7B4C9-F982-480B-8C92-0EED122DA6B6}.Release|Any CPU.ActiveCfg = Release|Any CPU
		{03B7B4C9-F982-480B-8C92-0EED122DA6B6}.Release|Any CPU.Build.0 = Release|Any CPU
		{03B7B4C9-F982-480B-8C92-0EED122DA6B6}.Release|ARM.ActiveCfg = Release|ARM
		{03B7B4C9-F982-480B-8C92-0EED122DA6B6}.Release|ARM.Build.0 = Release|ARM
		{03B7B4C9-F982-480B-8C92-0EED122DA6B6}.Release|x64.ActiveCfg = Release|Any CPU
		{03B7B4C9-F982-480B-8C92-0EED122DA6B6}.Release|x86.ActiveCfg = Release|x86
		{03B7B4C9-F982-480B-8C92-0EED122DA6B6}.Release|x86.Build.0 = Release|x86
	EndGlobalSection
	GlobalSection(SolutionProperties) = preSolution
		HideSolutionNode = FALSE
	EndGlobalSection
	GlobalSection(NestedProjects) = preSolution
		{3BAF7036-C7F6-4F97-A02E-BFEAF51E6D1F} = {C15FC718-6048-4F46-B425-F42F552F206D}
		{62AC18CA-9192-4555-B03B-421A7590BD15} = {C15FC718-6048-4F46-B425-F42F552F206D}
		{30B3D604-B11D-466A-B2AF-0105484E6897} = {C15FC718-6048-4F46-B425-F42F552F206D}
		{44634B3A-81B0-4A83-92B6-F60973737A44} = {7CDECDD1-56BE-41A9-9737-22A6C40FAEAE}
		{03B7B4C9-F982-480B-8C92-0EED122DA6B6} = {7CDECDD1-56BE-41A9-9737-22A6C40FAEAE}
		{4361D5C0-7F47-4F48-BEA8-8BFDD11BC2FD} = {7CDECDD1-56BE-41A9-9737-22A6C40FAEAE}
	EndGlobalSection
EndGlobal
