Microsoft Visual Studio Solution File, Format Version 12.00
# Visual Studio 15
VisualStudioVersion = 15.0.27130.2010
MinimumVisualStudioVersion = 15.0.26124.0
Project("{9A19103F-16F7-4668-BE54-9A1E7A4F7556}") = "LZ.State", "LZ.State\LZ.State.csproj", "{0D510C9C-31ED-4776-AFE7-870DCF3A64F4}"
EndProject
Project("{9A19103F-16F7-4668-BE54-9A1E7A4F7556}") = "LZ.Commanding", "LZ.Commanding\LZ.Commanding.csproj", "{BB112C45-9A86-4680-BB7E-6546E7285700}"
EndProject
Project("{D954291E-2A0B-460D-934E-DC6B0785DB48}") = "LZ.Commanding.Shared", "Shared\LZ.Commanding.Shared\LZ.Commanding.Shared.shproj", "{DFA42B3C-FD6A-4E19-8851-86497F5413A6}"
EndProject
Project("{D954291E-2A0B-460D-934E-DC6B0785DB48}") = "LZ.Net.Shared", "Shared\LZ.Net.Shared\LZ.Net.Shared.shproj", "{E7523EE1-081A-4E93-A46F-362F917613E7}"
EndProject
Project("{9A19103F-16F7-4668-BE54-9A1E7A4F7556}") = "LZ.Net", "LZ.Net\LZ.Net.csproj", "{6A7B80DA-FA23-4144-A10A-F0CD5D40E0B7}"
EndProject
Project("{D954291E-2A0B-460D-934E-DC6B0785DB48}") = "LZ.Extras.Shared", "Shared\LZ.Extras.Shared\LZ.Extras.Shared.shproj", "{7FA1769A-F189-417F-A302-B1519E015544}"
EndProject
Project("{9A19103F-16F7-4668-BE54-9A1E7A4F7556}") = "LZ.Extras", "LZ.Extras\LZ.Extras.csproj", "{07C95C29-5771-4CFB-86CC-0F174F14C9BA}"
EndProject
Project("{FAE04EC0-301F-11D3-BF4B-00C04F79EFBC}") = "LZ.Security.OAuth.Abstraction", "legacy\LZ.Security.OAuth.Abstraction\LZ.Security.OAuth.Abstraction.csproj", "{DBE23650-8806-4035-8646-D4AB883A68C5}"
EndProject
Project("{FAE04EC0-301F-11D3-BF4B-00C04F79EFBC}") = "LZ.Interfaces", "legacy\LZ.Interfaces\LZ.Interfaces.csproj", "{A8FEF9C4-7F95-49D7-AD0A-E5B7ED00A6DE}"
EndProject
Project("{FAE04EC0-301F-11D3-BF4B-00C04F79EFBC}") = "LZ", "legacy\LZ\LZ.csproj", "{6A11448B-74B2-4321-902E-57790B90234F}"
EndProject
Project("{FAE04EC0-301F-11D3-BF4B-00C04F79EFBC}") = "LZ.Security.OAuth", "legacy\LZ.Security.OAuth\LZ.Security.OAuth.csproj", "{E7127543-639F-4688-BF29-FDAFFFCC43F9}"
EndProject
Project("{FAE04EC0-301F-11D3-BF4B-00C04F79EFBC}") = "LZ.Security.Cryptography", "LZ.Security.Cryptography\LZ.Security.Cryptography.csproj", "{69CF6242-9042-49EC-86F6-0A14BCADAA2C}"
EndProject
Global
	GlobalSection(SharedMSBuildProjectFiles) = preSolution
		Shared\LZ.Extras.Shared\LZ.Extras.Shared.projitems*{7fa1769a-f189-417f-a302-b1519e015544}*SharedItemsImports = 13
		Shared\LZ.Commanding.Shared\LZ.Commanding.Shared.projitems*{dfa42b3c-fd6a-4e19-8851-86497f5413a6}*SharedItemsImports = 13
		Shared\LZ.Net.Shared\LZ.Net.Shared.projitems*{e7523ee1-081a-4e93-a46f-362f917613e7}*SharedItemsImports = 13
	EndGlobalSection
	GlobalSection(SolutionConfigurationPlatforms) = preSolution
		Debug|Any CPU = Debug|Any CPU
		Debug|x64 = Debug|x64
		Debug|x86 = Debug|x86
		Release|Any CPU = Release|Any CPU
		Release|x64 = Release|x64
		Release|x86 = Release|x86
	EndGlobalSection
	GlobalSection(ProjectConfigurationPlatforms) = postSolution
		{0D510C9C-31ED-4776-AFE7-870DCF3A64F4}.Debug|Any CPU.ActiveCfg = Debug|Any CPU
		{0D510C9C-31ED-4776-AFE7-870DCF3A64F4}.Debug|Any CPU.Build.0 = Debug|Any CPU
		{0D510C9C-31ED-4776-AFE7-870DCF3A64F4}.Debug|x64.ActiveCfg = Debug|Any CPU
		{0D510C9C-31ED-4776-AFE7-870DCF3A64F4}.Debug|x64.Build.0 = Debug|Any CPU
		{0D510C9C-31ED-4776-AFE7-870DCF3A64F4}.Debug|x86.ActiveCfg = Debug|Any CPU
		{0D510C9C-31ED-4776-AFE7-870DCF3A64F4}.Debug|x86.Build.0 = Debug|Any CPU
		{0D510C9C-31ED-4776-AFE7-870DCF3A64F4}.Release|Any CPU.ActiveCfg = Release|Any CPU
		{0D510C9C-31ED-4776-AFE7-870DCF3A64F4}.Release|Any CPU.Build.0 = Release|Any CPU
		{0D510C9C-31ED-4776-AFE7-870DCF3A64F4}.Release|x64.ActiveCfg = Release|Any CPU
		{0D510C9C-31ED-4776-AFE7-870DCF3A64F4}.Release|x64.Build.0 = Release|Any CPU
		{0D510C9C-31ED-4776-AFE7-870DCF3A64F4}.Release|x86.ActiveCfg = Release|Any CPU
		{0D510C9C-31ED-4776-AFE7-870DCF3A64F4}.Release|x86.Build.0 = Release|Any CPU
		{BB112C45-9A86-4680-BB7E-6546E7285700}.Debug|Any CPU.ActiveCfg = Debug|Any CPU
		{BB112C45-9A86-4680-BB7E-6546E7285700}.Debug|Any CPU.Build.0 = Debug|Any CPU
		{BB112C45-9A86-4680-BB7E-6546E7285700}.Debug|x64.ActiveCfg = Debug|Any CPU
		{BB112C45-9A86-4680-BB7E-6546E7285700}.Debug|x64.Build.0 = Debug|Any CPU
		{BB112C45-9A86-4680-BB7E-6546E7285700}.Debug|x86.ActiveCfg = Debug|Any CPU
		{BB112C45-9A86-4680-BB7E-6546E7285700}.Debug|x86.Build.0 = Debug|Any CPU
		{BB112C45-9A86-4680-BB7E-6546E7285700}.Release|Any CPU.ActiveCfg = Release|Any CPU
		{BB112C45-9A86-4680-BB7E-6546E7285700}.Release|Any CPU.Build.0 = Release|Any CPU
		{BB112C45-9A86-4680-BB7E-6546E7285700}.Release|x64.ActiveCfg = Release|Any CPU
		{BB112C45-9A86-4680-BB7E-6546E7285700}.Release|x64.Build.0 = Release|Any CPU
		{BB112C45-9A86-4680-BB7E-6546E7285700}.Release|x86.ActiveCfg = Release|Any CPU
		{BB112C45-9A86-4680-BB7E-6546E7285700}.Release|x86.Build.0 = Release|Any CPU
		{6A7B80DA-FA23-4144-A10A-F0CD5D40E0B7}.Debug|Any CPU.ActiveCfg = Debug|Any CPU
		{6A7B80DA-FA23-4144-A10A-F0CD5D40E0B7}.Debug|Any CPU.Build.0 = Debug|Any CPU
		{6A7B80DA-FA23-4144-A10A-F0CD5D40E0B7}.Debug|x64.ActiveCfg = Debug|Any CPU
		{6A7B80DA-FA23-4144-A10A-F0CD5D40E0B7}.Debug|x64.Build.0 = Debug|Any CPU
		{6A7B80DA-FA23-4144-A10A-F0CD5D40E0B7}.Debug|x86.ActiveCfg = Debug|Any CPU
		{6A7B80DA-FA23-4144-A10A-F0CD5D40E0B7}.Debug|x86.Build.0 = Debug|Any CPU
		{6A7B80DA-FA23-4144-A10A-F0CD5D40E0B7}.Release|Any CPU.ActiveCfg = Release|Any CPU
		{6A7B80DA-FA23-4144-A10A-F0CD5D40E0B7}.Release|Any CPU.Build.0 = Release|Any CPU
		{6A7B80DA-FA23-4144-A10A-F0CD5D40E0B7}.Release|x64.ActiveCfg = Release|Any CPU
		{6A7B80DA-FA23-4144-A10A-F0CD5D40E0B7}.Release|x64.Build.0 = Release|Any CPU
		{6A7B80DA-FA23-4144-A10A-F0CD5D40E0B7}.Release|x86.ActiveCfg = Release|Any CPU
		{6A7B80DA-FA23-4144-A10A-F0CD5D40E0B7}.Release|x86.Build.0 = Release|Any CPU
		{07C95C29-5771-4CFB-86CC-0F174F14C9BA}.Debug|Any CPU.ActiveCfg = Debug|Any CPU
		{07C95C29-5771-4CFB-86CC-0F174F14C9BA}.Debug|Any CPU.Build.0 = Debug|Any CPU
		{07C95C29-5771-4CFB-86CC-0F174F14C9BA}.Debug|x64.ActiveCfg = Debug|Any CPU
		{07C95C29-5771-4CFB-86CC-0F174F14C9BA}.Debug|x64.Build.0 = Debug|Any CPU
		{07C95C29-5771-4CFB-86CC-0F174F14C9BA}.Debug|x86.ActiveCfg = Debug|Any CPU
		{07C95C29-5771-4CFB-86CC-0F174F14C9BA}.Debug|x86.Build.0 = Debug|Any CPU
		{07C95C29-5771-4CFB-86CC-0F174F14C9BA}.Release|Any CPU.ActiveCfg = Release|Any CPU
		{07C95C29-5771-4CFB-86CC-0F174F14C9BA}.Release|Any CPU.Build.0 = Release|Any CPU
		{07C95C29-5771-4CFB-86CC-0F174F14C9BA}.Release|x64.ActiveCfg = Release|Any CPU
		{07C95C29-5771-4CFB-86CC-0F174F14C9BA}.Release|x64.Build.0 = Release|Any CPU
		{07C95C29-5771-4CFB-86CC-0F174F14C9BA}.Release|x86.ActiveCfg = Release|Any CPU
		{07C95C29-5771-4CFB-86CC-0F174F14C9BA}.Release|x86.Build.0 = Release|Any CPU
		{DBE23650-8806-4035-8646-D4AB883A68C5}.Debug|Any CPU.ActiveCfg = Debug|Any CPU
		{DBE23650-8806-4035-8646-D4AB883A68C5}.Debug|Any CPU.Build.0 = Debug|Any CPU
		{DBE23650-8806-4035-8646-D4AB883A68C5}.Debug|x64.ActiveCfg = Debug|Any CPU
		{DBE23650-8806-4035-8646-D4AB883A68C5}.Debug|x64.Build.0 = Debug|Any CPU
		{DBE23650-8806-4035-8646-D4AB883A68C5}.Debug|x86.ActiveCfg = Debug|Any CPU
		{DBE23650-8806-4035-8646-D4AB883A68C5}.Debug|x86.Build.0 = Debug|Any CPU
		{DBE23650-8806-4035-8646-D4AB883A68C5}.Release|Any CPU.ActiveCfg = Release|Any CPU
		{DBE23650-8806-4035-8646-D4AB883A68C5}.Release|Any CPU.Build.0 = Release|Any CPU
		{DBE23650-8806-4035-8646-D4AB883A68C5}.Release|x64.ActiveCfg = Release|Any CPU
		{DBE23650-8806-4035-8646-D4AB883A68C5}.Release|x64.Build.0 = Release|Any CPU
		{DBE23650-8806-4035-8646-D4AB883A68C5}.Release|x86.ActiveCfg = Release|Any CPU
		{DBE23650-8806-4035-8646-D4AB883A68C5}.Release|x86.Build.0 = Release|Any CPU
		{A8FEF9C4-7F95-49D7-AD0A-E5B7ED00A6DE}.Debug|Any CPU.ActiveCfg = Debug|Any CPU
		{A8FEF9C4-7F95-49D7-AD0A-E5B7ED00A6DE}.Debug|Any CPU.Build.0 = Debug|Any CPU
		{A8FEF9C4-7F95-49D7-AD0A-E5B7ED00A6DE}.Debug|x64.ActiveCfg = Debug|Any CPU
		{A8FEF9C4-7F95-49D7-AD0A-E5B7ED00A6DE}.Debug|x64.Build.0 = Debug|Any CPU
		{A8FEF9C4-7F95-49D7-AD0A-E5B7ED00A6DE}.Debug|x86.ActiveCfg = Debug|Any CPU
		{A8FEF9C4-7F95-49D7-AD0A-E5B7ED00A6DE}.Debug|x86.Build.0 = Debug|Any CPU
		{A8FEF9C4-7F95-49D7-AD0A-E5B7ED00A6DE}.Release|Any CPU.ActiveCfg = Release|Any CPU
		{A8FEF9C4-7F95-49D7-AD0A-E5B7ED00A6DE}.Release|Any CPU.Build.0 = Release|Any CPU
		{A8FEF9C4-7F95-49D7-AD0A-E5B7ED00A6DE}.Release|x64.ActiveCfg = Release|Any CPU
		{A8FEF9C4-7F95-49D7-AD0A-E5B7ED00A6DE}.Release|x64.Build.0 = Release|Any CPU
		{A8FEF9C4-7F95-49D7-AD0A-E5B7ED00A6DE}.Release|x86.ActiveCfg = Release|Any CPU
		{A8FEF9C4-7F95-49D7-AD0A-E5B7ED00A6DE}.Release|x86.Build.0 = Release|Any CPU
		{6A11448B-74B2-4321-902E-57790B90234F}.Debug|Any CPU.ActiveCfg = Debug|Any CPU
		{6A11448B-74B2-4321-902E-57790B90234F}.Debug|Any CPU.Build.0 = Debug|Any CPU
		{6A11448B-74B2-4321-902E-57790B90234F}.Debug|x64.ActiveCfg = Debug|Any CPU
		{6A11448B-74B2-4321-902E-57790B90234F}.Debug|x64.Build.0 = Debug|Any CPU
		{6A11448B-74B2-4321-902E-57790B90234F}.Debug|x86.ActiveCfg = Debug|Any CPU
		{6A11448B-74B2-4321-902E-57790B90234F}.Debug|x86.Build.0 = Debug|Any CPU
		{6A11448B-74B2-4321-902E-57790B90234F}.Release|Any CPU.ActiveCfg = Release|Any CPU
		{6A11448B-74B2-4321-902E-57790B90234F}.Release|Any CPU.Build.0 = Release|Any CPU
		{6A11448B-74B2-4321-902E-57790B90234F}.Release|x64.ActiveCfg = Release|Any CPU
		{6A11448B-74B2-4321-902E-57790B90234F}.Release|x64.Build.0 = Release|Any CPU
		{6A11448B-74B2-4321-902E-57790B90234F}.Release|x86.ActiveCfg = Release|Any CPU
		{6A11448B-74B2-4321-902E-57790B90234F}.Release|x86.Build.0 = Release|Any CPU
		{E7127543-639F-4688-BF29-FDAFFFCC43F9}.Debug|Any CPU.ActiveCfg = Debug|Any CPU
		{E7127543-639F-4688-BF29-FDAFFFCC43F9}.Debug|Any CPU.Build.0 = Debug|Any CPU
		{E7127543-639F-4688-BF29-FDAFFFCC43F9}.Debug|x64.ActiveCfg = Debug|Any CPU
		{E7127543-639F-4688-BF29-FDAFFFCC43F9}.Debug|x64.Build.0 = Debug|Any CPU
		{E7127543-639F-4688-BF29-FDAFFFCC43F9}.Debug|x86.ActiveCfg = Debug|Any CPU
		{E7127543-639F-4688-BF29-FDAFFFCC43F9}.Debug|x86.Build.0 = Debug|Any CPU
		{E7127543-639F-4688-BF29-FDAFFFCC43F9}.Release|Any CPU.ActiveCfg = Release|Any CPU
		{E7127543-639F-4688-BF29-FDAFFFCC43F9}.Release|Any CPU.Build.0 = Release|Any CPU
		{E7127543-639F-4688-BF29-FDAFFFCC43F9}.Release|x64.ActiveCfg = Release|Any CPU
		{E7127543-639F-4688-BF29-FDAFFFCC43F9}.Release|x64.Build.0 = Release|Any CPU
		{E7127543-639F-4688-BF29-FDAFFFCC43F9}.Release|x86.ActiveCfg = Release|Any CPU
		{E7127543-639F-4688-BF29-FDAFFFCC43F9}.Release|x86.Build.0 = Release|Any CPU
		{69CF6242-9042-49EC-86F6-0A14BCADAA2C}.Debug|Any CPU.ActiveCfg = Debug|Any CPU
		{69CF6242-9042-49EC-86F6-0A14BCADAA2C}.Debug|Any CPU.Build.0 = Debug|Any CPU
		{69CF6242-9042-49EC-86F6-0A14BCADAA2C}.Debug|x64.ActiveCfg = Debug|Any CPU
		{69CF6242-9042-49EC-86F6-0A14BCADAA2C}.Debug|x64.Build.0 = Debug|Any CPU
		{69CF6242-9042-49EC-86F6-0A14BCADAA2C}.Debug|x86.ActiveCfg = Debug|Any CPU
		{69CF6242-9042-49EC-86F6-0A14BCADAA2C}.Debug|x86.Build.0 = Debug|Any CPU
		{69CF6242-9042-49EC-86F6-0A14BCADAA2C}.Release|Any CPU.ActiveCfg = Release|Any CPU
		{69CF6242-9042-49EC-86F6-0A14BCADAA2C}.Release|Any CPU.Build.0 = Release|Any CPU
		{69CF6242-9042-49EC-86F6-0A14BCADAA2C}.Release|x64.ActiveCfg = Release|Any CPU
		{69CF6242-9042-49EC-86F6-0A14BCADAA2C}.Release|x64.Build.0 = Release|Any CPU
		{69CF6242-9042-49EC-86F6-0A14BCADAA2C}.Release|x86.ActiveCfg = Release|Any CPU
		{69CF6242-9042-49EC-86F6-0A14BCADAA2C}.Release|x86.Build.0 = Release|Any CPU
	EndGlobalSection
	GlobalSection(SolutionProperties) = preSolution
		HideSolutionNode = FALSE
	EndGlobalSection
	GlobalSection(ExtensibilityGlobals) = postSolution
		SolutionGuid = {153FB889-DA6E-4EFB-9056-8FFB4A44B5C6}
	EndGlobalSection
EndGlobal
