Microsoft Visual Studio Solution File, Format Version 12.00
# Visual Studio 15
VisualStudioVersion = 15.0.27130.2010
MinimumVisualStudioVersion = 15.0.26124.0
Project("{9A19103F-16F7-4668-BE54-9A1E7A4F7556}") = "LZ.Interfaces", "LZ.Interfaces\LZ.Interfaces.csproj", "{E142F685-8F73-4ED6-9483-4F6C62189634}"
EndProject
Project("{9A19103F-16F7-4668-BE54-9A1E7A4F7556}") = "LZ", "LZ\LZ.csproj", "{09BD24F6-A9B8-4017-8189-8BB57AEEDF33}"
EndProject
Project("{9A19103F-16F7-4668-BE54-9A1E7A4F7556}") = "LZ.State", "LZ.State\LZ.State.csproj", "{0D510C9C-31ED-4776-AFE7-870DCF3A64F4}"
EndProject
Project("{9A19103F-16F7-4668-BE54-9A1E7A4F7556}") = "LZ.Commanding", "LZ.Commanding\LZ.Commanding.csproj", "{BB112C45-9A86-4680-BB7E-6546E7285700}"
EndProject
Project("{D954291E-2A0B-460D-934E-DC6B0785DB48}") = "LZ.Interfaces.Shared", "Shared\LZ.Interfaces.Shared\LZ.Interfaces.Shared.shproj", "{194B391F-BF8A-4796-8E18-FE7EA3BAB75B}"
EndProject
Project("{D954291E-2A0B-460D-934E-DC6B0785DB48}") = "LZ.Shared", "Shared\LZ.Shared\LZ.Shared.shproj", "{83298439-9D8B-4887-8985-DAE259661BA7}"
EndProject
Project("{D954291E-2A0B-460D-934E-DC6B0785DB48}") = "LZ.Commanding.Shared", "Shared\LZ.Commanding.Shared\LZ.Commanding.Shared.shproj", "{DFA42B3C-FD6A-4E19-8851-86497F5413A6}"
EndProject
Global
	GlobalSection(SharedMSBuildProjectFiles) = preSolution
		Shared\LZ.Interfaces.Shared\LZ.Interfaces.Shared.projitems*{194b391f-bf8a-4796-8e18-fe7ea3bab75b}*SharedItemsImports = 13
		Shared\LZ.Shared\LZ.Shared.projitems*{83298439-9d8b-4887-8985-dae259661ba7}*SharedItemsImports = 13
		Shared\LZ.Commanding.Shared\LZ.Commanding.Shared.projitems*{dfa42b3c-fd6a-4e19-8851-86497f5413a6}*SharedItemsImports = 13
	EndGlobalSection
	GlobalSection(SolutionConfigurationPlatforms) = preSolution
		Debug|Any CPU = Debug|Any CPU
		Debug|x64 = Debug|x64
		Debug|x86 = Debug|x86
		Release|Any CPU = Release|Any CPU
		Release|x64 = Release|x64
		Release|x86 = Release|x86
	EndGlobalSection
	GlobalSection(ProjectConfigurationPlatforms) = postSolution
		{E142F685-8F73-4ED6-9483-4F6C62189634}.Debug|Any CPU.ActiveCfg = Debug|Any CPU
		{E142F685-8F73-4ED6-9483-4F6C62189634}.Debug|Any CPU.Build.0 = Debug|Any CPU
		{E142F685-8F73-4ED6-9483-4F6C62189634}.Debug|x64.ActiveCfg = Debug|Any CPU
		{E142F685-8F73-4ED6-9483-4F6C62189634}.Debug|x64.Build.0 = Debug|Any CPU
		{E142F685-8F73-4ED6-9483-4F6C62189634}.Debug|x86.ActiveCfg = Debug|Any CPU
		{E142F685-8F73-4ED6-9483-4F6C62189634}.Debug|x86.Build.0 = Debug|Any CPU
		{E142F685-8F73-4ED6-9483-4F6C62189634}.Release|Any CPU.ActiveCfg = Release|Any CPU
		{E142F685-8F73-4ED6-9483-4F6C62189634}.Release|Any CPU.Build.0 = Release|Any CPU
		{E142F685-8F73-4ED6-9483-4F6C62189634}.Release|x64.ActiveCfg = Release|Any CPU
		{E142F685-8F73-4ED6-9483-4F6C62189634}.Release|x64.Build.0 = Release|Any CPU
		{E142F685-8F73-4ED6-9483-4F6C62189634}.Release|x86.ActiveCfg = Release|Any CPU
		{E142F685-8F73-4ED6-9483-4F6C62189634}.Release|x86.Build.0 = Release|Any CPU
		{09BD24F6-A9B8-4017-8189-8BB57AEEDF33}.Debug|Any CPU.ActiveCfg = Debug|Any CPU
		{09BD24F6-A9B8-4017-8189-8BB57AEEDF33}.Debug|Any CPU.Build.0 = Debug|Any CPU
		{09BD24F6-A9B8-4017-8189-8BB57AEEDF33}.Debug|x64.ActiveCfg = Debug|Any CPU
		{09BD24F6-A9B8-4017-8189-8BB57AEEDF33}.Debug|x64.Build.0 = Debug|Any CPU
		{09BD24F6-A9B8-4017-8189-8BB57AEEDF33}.Debug|x86.ActiveCfg = Debug|Any CPU
		{09BD24F6-A9B8-4017-8189-8BB57AEEDF33}.Debug|x86.Build.0 = Debug|Any CPU
		{09BD24F6-A9B8-4017-8189-8BB57AEEDF33}.Release|Any CPU.ActiveCfg = Release|Any CPU
		{09BD24F6-A9B8-4017-8189-8BB57AEEDF33}.Release|Any CPU.Build.0 = Release|Any CPU
		{09BD24F6-A9B8-4017-8189-8BB57AEEDF33}.Release|x64.ActiveCfg = Release|Any CPU
		{09BD24F6-A9B8-4017-8189-8BB57AEEDF33}.Release|x64.Build.0 = Release|Any CPU
		{09BD24F6-A9B8-4017-8189-8BB57AEEDF33}.Release|x86.ActiveCfg = Release|Any CPU
		{09BD24F6-A9B8-4017-8189-8BB57AEEDF33}.Release|x86.Build.0 = Release|Any CPU
		{0D510C9C-31ED-4776-AFE7-870DCF3A64F4}.Debug|Any CPU.ActiveCfg = Debug|Any CPU
		{0D510C9C-31ED-4776-AFE7-870DCF3A64F4}.Debug|Any CPU.Build.0 = Debug|Any CPU
		{0D510C9C-31ED-4776-AFE7-870DCF3A64F4}.Debug|x64.ActiveCfg = Debug|Any CPU
		{0D510C9C-31ED-4776-AFE7-870DCF3A64F4}.Debug|x64.Build.0 = Debug|Any CPU
		{0D510C9C-31ED-4776-AFE7-870DCF3A64F4}.Debug|x86.ActiveCfg = Debug|Any CPU
		{0D510C9C-31ED-4776-AFE7-870DCF3A64F4}.Debug|x86.Build.0 = Debug|Any CPU
		{0D510C9C-31ED-4776-AFE7-870DCF3A64F4}.Release|Any CPU.ActiveCfg = Release|Any CPU
		{0D510C9C-31ED-4776-AFE7-870DCF3A64F4}.Release|Any CPU.Build.0 = Release|Any CPU
		{0D510C9C-31ED-4776-AFE7-870DCF3A64F4}.Release|x64.ActiveCfg = Release|Any CPU
		{0D510C9C-31ED-4776-AFE7-870DCF3A64F4}.Release|x64.Build.0 = Release|Any CPU
		{0D510C9C-31ED-4776-AFE7-870DCF3A64F4}.Release|x86.ActiveCfg = Release|Any CPU
		{0D510C9C-31ED-4776-AFE7-870DCF3A64F4}.Release|x86.Build.0 = Release|Any CPU
		{BB112C45-9A86-4680-BB7E-6546E7285700}.Debug|Any CPU.ActiveCfg = Debug|Any CPU
		{BB112C45-9A86-4680-BB7E-6546E7285700}.Debug|Any CPU.Build.0 = Debug|Any CPU
		{BB112C45-9A86-4680-BB7E-6546E7285700}.Debug|x64.ActiveCfg = Debug|Any CPU
		{BB112C45-9A86-4680-BB7E-6546E7285700}.Debug|x64.Build.0 = Debug|Any CPU
		{BB112C45-9A86-4680-BB7E-6546E7285700}.Debug|x86.ActiveCfg = Debug|Any CPU
		{BB112C45-9A86-4680-BB7E-6546E7285700}.Debug|x86.Build.0 = Debug|Any CPU
		{BB112C45-9A86-4680-BB7E-6546E7285700}.Release|Any CPU.ActiveCfg = Release|Any CPU
		{BB112C45-9A86-4680-BB7E-6546E7285700}.Release|Any CPU.Build.0 = Release|Any CPU
		{BB112C45-9A86-4680-BB7E-6546E7285700}.Release|x64.ActiveCfg = Release|Any CPU
		{BB112C45-9A86-4680-BB7E-6546E7285700}.Release|x64.Build.0 = Release|Any CPU
		{BB112C45-9A86-4680-BB7E-6546E7285700}.Release|x86.ActiveCfg = Release|Any CPU
		{BB112C45-9A86-4680-BB7E-6546E7285700}.Release|x86.Build.0 = Release|Any CPU
	EndGlobalSection
	GlobalSection(SolutionProperties) = preSolution
		HideSolutionNode = FALSE
	EndGlobalSection
	GlobalSection(ExtensibilityGlobals) = postSolution
		SolutionGuid = {153FB889-DA6E-4EFB-9056-8FFB4A44B5C6}
	EndGlobalSection
EndGlobal
