
Microsoft Visual Studio Solution File, Format Version 12.00
# Visual Studio 14
VisualStudioVersion = 14.0.25420.1
MinimumVisualStudioVersion = 10.0.40219.1
Project("{FAE04EC0-301F-11D3-BF4B-00C04F79EFBC}") = "LZ.Interfaces", "LZ.Interfaces\LZ.Interfaces.csproj", "{A8FEF9C4-7F95-49D7-AD0A-E5B7ED00A6DE}"
EndProject
Project("{D954291E-2A0B-460D-934E-DC6B0785DB48}") = "LZ.Interfaces.Shared", "..\Shared\LZ.Interfaces.Shared\LZ.Interfaces.Shared.shproj", "{194B391F-BF8A-4796-8E18-FE7EA3BAB75B}"
EndProject
Project("{D954291E-2A0B-460D-934E-DC6B0785DB48}") = "LZ.Shared", "..\Shared\LZ.Shared\LZ.Shared.shproj", "{83298439-9D8B-4887-8985-DAE259661BA7}"
EndProject
Project("{FAE04EC0-301F-11D3-BF4B-00C04F79EFBC}") = "LZ", "LZ\LZ.csproj", "{6A11448B-74B2-4321-902E-57790B90234F}"
EndProject
Global
	GlobalSection(SharedMSBuildProjectFiles) = preSolution
		..\Shared\LZ.Interfaces.Shared\LZ.Interfaces.Shared.projitems*{194b391f-bf8a-4796-8e18-fe7ea3bab75b}*SharedItemsImports = 13
		..\Shared\LZ.Shared\LZ.Shared.projitems*{6a11448b-74b2-4321-902e-57790b90234f}*SharedItemsImports = 4
		..\Shared\LZ.Shared\LZ.Shared.projitems*{83298439-9d8b-4887-8985-dae259661ba7}*SharedItemsImports = 13
		..\Shared\LZ.Interfaces.Shared\LZ.Interfaces.Shared.projitems*{a8fef9c4-7f95-49d7-ad0a-e5b7ed00a6de}*SharedItemsImports = 4
	EndGlobalSection
	GlobalSection(SolutionConfigurationPlatforms) = preSolution
		Debug|Any CPU = Debug|Any CPU
		Release|Any CPU = Release|Any CPU
	EndGlobalSection
	GlobalSection(ProjectConfigurationPlatforms) = postSolution
		{A8FEF9C4-7F95-49D7-AD0A-E5B7ED00A6DE}.Debug|Any CPU.ActiveCfg = Debug|Any CPU
		{A8FEF9C4-7F95-49D7-AD0A-E5B7ED00A6DE}.Debug|Any CPU.Build.0 = Debug|Any CPU
		{A8FEF9C4-7F95-49D7-AD0A-E5B7ED00A6DE}.Release|Any CPU.ActiveCfg = Release|Any CPU
		{A8FEF9C4-7F95-49D7-AD0A-E5B7ED00A6DE}.Release|Any CPU.Build.0 = Release|Any CPU
		{6A11448B-74B2-4321-902E-57790B90234F}.Debug|Any CPU.ActiveCfg = Debug|Any CPU
		{6A11448B-74B2-4321-902E-57790B90234F}.Debug|Any CPU.Build.0 = Debug|Any CPU
		{6A11448B-74B2-4321-902E-57790B90234F}.Release|Any CPU.ActiveCfg = Release|Any CPU
		{6A11448B-74B2-4321-902E-57790B90234F}.Release|Any CPU.Build.0 = Release|Any CPU
	EndGlobalSection
	GlobalSection(SolutionProperties) = preSolution
		HideSolutionNode = FALSE
	EndGlobalSection
EndGlobal
