
Microsoft Visual Studio Solution File, Format Version 12.00
# Visual Studio 14
VisualStudioVersion = 14.0.25420.1
MinimumVisualStudioVersion = 10.0.40219.1
Project("{FAE04EC0-301F-11D3-BF4B-00C04F79EFBC}") = "LZ.Interfaces", "LZ.Interfaces\LZ.Interfaces.csproj", "{A8FEF9C4-7F95-49D7-AD0A-E5B7ED00A6DE}"
EndProject
Project("{FAE04EC0-301F-11D3-BF4B-00C04F79EFBC}") = "LZ", "LZ\LZ.csproj", "{6A11448B-74B2-4321-902E-57790B90234F}"
EndProject
Project("{D954291E-2A0B-460D-934E-DC6B0785DB48}") = "LZ.Commanding.Shared", "..\Shared\LZ.Commanding.Shared\LZ.Commanding.Shared.shproj", "{DFA42B3C-FD6A-4E19-8851-86497F5413A6}"
EndProject
Project("{FAE04EC0-301F-11D3-BF4B-00C04F79EFBC}") = "LZ.Commanding", "LZ.Commanding\LZ.Commanding.csproj", "{B9916A40-0A7A-413D-AEBB-2BDB14A65DB5}"
EndProject
Project("{FAE04EC0-301F-11D3-BF4B-00C04F79EFBC}") = "LZ.Windows", "LZ.Windows\LZ.Windows.csproj", "{6AB5EC4B-0270-4288-9BB6-001F734250B7}"
EndProject
Project("{FAE04EC0-301F-11D3-BF4B-00C04F79EFBC}") = "LZ.Extras", "LZ.Extras\LZ.Extras.csproj", "{EF844E93-A4DC-4CDB-9CBB-7348ECD90A07}"
EndProject
Project("{D954291E-2A0B-460D-934E-DC6B0785DB48}") = "LZ.Extras.Shared", "..\Shared\LZ.Extras.Shared\LZ.Extras.Shared.shproj", "{7FA1769A-F189-417F-A302-B1519E015544}"
EndProject
Project("{D954291E-2A0B-460D-934E-DC6B0785DB48}") = "LZ.Windows.Interactivity.Shared", "LZ.Windows.Interactivity\LZ.Windows.Interactivity.Shared\LZ.Windows.Interactivity.Shared.shproj", "{3BAF7036-C7F6-4F97-A02E-BFEAF51E6D1F}"
EndProject
Project("{FAE04EC0-301F-11D3-BF4B-00C04F79EFBC}") = "LZ.Windows.Interactivity.Win81", "LZ.Windows.Interactivity\LZ.Windows.Interactivity.Win81\LZ.Windows.Interactivity.Win81.csproj", "{62AC18CA-9192-4555-B03B-421A7590BD15}"
EndProject
Project("{FAE04EC0-301F-11D3-BF4B-00C04F79EFBC}") = "LZ.Windows.Interactivity.WP81", "LZ.Windows.Interactivity\LZ.Windows.Interactivity.WP81\LZ.Windows.Interactivity.WP81.csproj", "{30B3D604-B11D-466A-B2AF-0105484E6897}"
EndProject
Project("{D954291E-2A0B-460D-934E-DC6B0785DB48}") = "LZ.Windows.Interactions.Shared", "LZ.Windows.Interactions\LZ.Windows.Interactions.Shared\LZ.Windows.Interactions.Shared.shproj", "{4361D5C0-7F47-4F48-BEA8-8BFDD11BC2FD}"
EndProject
Project("{FAE04EC0-301F-11D3-BF4B-00C04F79EFBC}") = "LZ.Windows.Interactions.Win81", "LZ.Windows.Interactions\LZ.Windows.Interactions.Win81\LZ.Windows.Interactions.Win81.csproj", "{44634B3A-81B0-4A83-92B6-F60973737A44}"
EndProject
Project("{FAE04EC0-301F-11D3-BF4B-00C04F79EFBC}") = "LZ.Windows.Interactions.WP81", "LZ.Windows.Interactions\LZ.Windows.Interactions.WP81\LZ.Windows.Interactions.WP81.csproj", "{03B7B4C9-F982-480B-8C92-0EED122DA6B6}"
EndProject
Project("{FAE04EC0-301F-11D3-BF4B-00C04F79EFBC}") = "LZ.Security.OAuth.Abstraction", "LZ.Security.OAuth.Abstraction\LZ.Security.OAuth.Abstraction.csproj", "{DBE23650-8806-4035-8646-D4AB883A68C5}"
EndProject
Global
	GlobalSection(SharedMSBuildProjectFiles) = preSolution
		LZ.Windows.Interactivity\LZ.Windows.Interactivity.Shared\LZ.Windows.Interactivity.Shared.projitems*{30b3d604-b11d-466a-b2af-0105484e6897}*SharedItemsImports = 4
		LZ.Windows.Interactivity\LZ.Windows.Interactivity.Shared\LZ.Windows.Interactivity.Shared.projitems*{3baf7036-c7f6-4f97-a02e-bfeaf51e6d1f}*SharedItemsImports = 13
		LZ.Windows.Interactions\LZ.Windows.Interactions.Shared\LZ.Windows.Interactions.Shared.projitems*{4361d5c0-7f47-4f48-bea8-8bfdd11bc2fd}*SharedItemsImports = 13
		LZ.Windows.Interactions\LZ.Windows.Interactions.Shared\LZ.Windows.Interactions.Shared.projitems*{44634b3a-81b0-4a83-92b6-f60973737a44}*SharedItemsImports = 4
		LZ.Windows.Interactivity\LZ.Windows.Interactivity.Shared\LZ.Windows.Interactivity.Shared.projitems*{62ac18ca-9192-4555-b03b-421a7590bd15}*SharedItemsImports = 4
		..\Shared\LZ.Extras.Shared\LZ.Extras.Shared.projitems*{7fa1769a-f189-417f-a302-b1519e015544}*SharedItemsImports = 13
		..\Shared\LZ.Commanding.Shared\LZ.Commanding.Shared.projitems*{b9916a40-0a7a-413d-aebb-2bdb14a65db5}*SharedItemsImports = 4
		..\Shared\LZ.Commanding.Shared\LZ.Commanding.Shared.projitems*{dfa42b3c-fd6a-4e19-8851-86497f5413a6}*SharedItemsImports = 13
		..\Shared\LZ.Extras.Shared\LZ.Extras.Shared.projitems*{ef844e93-a4dc-4cdb-9cbb-7348ecd90a07}*SharedItemsImports = 4
	EndGlobalSection
	GlobalSection(SolutionConfigurationPlatforms) = preSolution
		Debug|Any CPU = Debug|Any CPU
		Debug|ARM = Debug|ARM
		Debug|x64 = Debug|x64
		Debug|x86 = Debug|x86
		Release|Any CPU = Release|Any CPU
		Release|ARM = Release|ARM
		Release|x64 = Release|x64
		Release|x86 = Release|x86
	EndGlobalSection
	GlobalSection(ProjectConfigurationPlatforms) = postSolution
		{A8FEF9C4-7F95-49D7-AD0A-E5B7ED00A6DE}.Debug|Any CPU.ActiveCfg = Debug|Any CPU
		{A8FEF9C4-7F95-49D7-AD0A-E5B7ED00A6DE}.Debug|Any CPU.Build.0 = Debug|Any CPU
		{A8FEF9C4-7F95-49D7-AD0A-E5B7ED00A6DE}.Debug|ARM.ActiveCfg = Debug|Any CPU
		{A8FEF9C4-7F95-49D7-AD0A-E5B7ED00A6DE}.Debug|ARM.Build.0 = Debug|Any CPU
		{A8FEF9C4-7F95-49D7-AD0A-E5B7ED00A6DE}.Debug|x64.ActiveCfg = Debug|Any CPU
		{A8FEF9C4-7F95-49D7-AD0A-E5B7ED00A6DE}.Debug|x64.Build.0 = Debug|Any CPU
		{A8FEF9C4-7F95-49D7-AD0A-E5B7ED00A6DE}.Debug|x86.ActiveCfg = Debug|Any CPU
		{A8FEF9C4-7F95-49D7-AD0A-E5B7ED00A6DE}.Debug|x86.Build.0 = Debug|Any CPU
		{A8FEF9C4-7F95-49D7-AD0A-E5B7ED00A6DE}.Release|Any CPU.ActiveCfg = Release|Any CPU
		{A8FEF9C4-7F95-49D7-AD0A-E5B7ED00A6DE}.Release|Any CPU.Build.0 = Release|Any CPU
		{A8FEF9C4-7F95-49D7-AD0A-E5B7ED00A6DE}.Release|ARM.ActiveCfg = Release|Any CPU
		{A8FEF9C4-7F95-49D7-AD0A-E5B7ED00A6DE}.Release|ARM.Build.0 = Release|Any CPU
		{A8FEF9C4-7F95-49D7-AD0A-E5B7ED00A6DE}.Release|x64.ActiveCfg = Release|Any CPU
		{A8FEF9C4-7F95-49D7-AD0A-E5B7ED00A6DE}.Release|x64.Build.0 = Release|Any CPU
		{A8FEF9C4-7F95-49D7-AD0A-E5B7ED00A6DE}.Release|x86.ActiveCfg = Release|Any CPU
		{A8FEF9C4-7F95-49D7-AD0A-E5B7ED00A6DE}.Release|x86.Build.0 = Release|Any CPU
		{6A11448B-74B2-4321-902E-57790B90234F}.Debug|Any CPU.ActiveCfg = Debug|Any CPU
		{6A11448B-74B2-4321-902E-57790B90234F}.Debug|Any CPU.Build.0 = Debug|Any CPU
		{6A11448B-74B2-4321-902E-57790B90234F}.Debug|ARM.ActiveCfg = Debug|Any CPU
		{6A11448B-74B2-4321-902E-57790B90234F}.Debug|ARM.Build.0 = Debug|Any CPU
		{6A11448B-74B2-4321-902E-57790B90234F}.Debug|x64.ActiveCfg = Debug|Any CPU
		{6A11448B-74B2-4321-902E-57790B90234F}.Debug|x64.Build.0 = Debug|Any CPU
		{6A11448B-74B2-4321-902E-57790B90234F}.Debug|x86.ActiveCfg = Debug|Any CPU
		{6A11448B-74B2-4321-902E-57790B90234F}.Debug|x86.Build.0 = Debug|Any CPU
		{6A11448B-74B2-4321-902E-57790B90234F}.Release|Any CPU.ActiveCfg = Release|Any CPU
		{6A11448B-74B2-4321-902E-57790B90234F}.Release|Any CPU.Build.0 = Release|Any CPU
		{6A11448B-74B2-4321-902E-57790B90234F}.Release|ARM.ActiveCfg = Release|Any CPU
		{6A11448B-74B2-4321-902E-57790B90234F}.Release|ARM.Build.0 = Release|Any CPU
		{6A11448B-74B2-4321-902E-57790B90234F}.Release|x64.ActiveCfg = Release|Any CPU
		{6A11448B-74B2-4321-902E-57790B90234F}.Release|x64.Build.0 = Release|Any CPU
		{6A11448B-74B2-4321-902E-57790B90234F}.Release|x86.ActiveCfg = Release|Any CPU
		{6A11448B-74B2-4321-902E-57790B90234F}.Release|x86.Build.0 = Release|Any CPU
		{B9916A40-0A7A-413D-AEBB-2BDB14A65DB5}.Debug|Any CPU.ActiveCfg = Debug|Any CPU
		{B9916A40-0A7A-413D-AEBB-2BDB14A65DB5}.Debug|Any CPU.Build.0 = Debug|Any CPU
		{B9916A40-0A7A-413D-AEBB-2BDB14A65DB5}.Debug|ARM.ActiveCfg = Debug|Any CPU
		{B9916A40-0A7A-413D-AEBB-2BDB14A65DB5}.Debug|ARM.Build.0 = Debug|Any CPU
		{B9916A40-0A7A-413D-AEBB-2BDB14A65DB5}.Debug|x64.ActiveCfg = Debug|Any CPU
		{B9916A40-0A7A-413D-AEBB-2BDB14A65DB5}.Debug|x64.Build.0 = Debug|Any CPU
		{B9916A40-0A7A-413D-AEBB-2BDB14A65DB5}.Debug|x86.ActiveCfg = Debug|Any CPU
		{B9916A40-0A7A-413D-AEBB-2BDB14A65DB5}.Debug|x86.Build.0 = Debug|Any CPU
		{B9916A40-0A7A-413D-AEBB-2BDB14A65DB5}.Release|Any CPU.ActiveCfg = Release|Any CPU
		{B9916A40-0A7A-413D-AEBB-2BDB14A65DB5}.Release|Any CPU.Build.0 = Release|Any CPU
		{B9916A40-0A7A-413D-AEBB-2BDB14A65DB5}.Release|ARM.ActiveCfg = Release|Any CPU
		{B9916A40-0A7A-413D-AEBB-2BDB14A65DB5}.Release|ARM.Build.0 = Release|Any CPU
		{B9916A40-0A7A-413D-AEBB-2BDB14A65DB5}.Release|x64.ActiveCfg = Release|Any CPU
		{B9916A40-0A7A-413D-AEBB-2BDB14A65DB5}.Release|x64.Build.0 = Release|Any CPU
		{B9916A40-0A7A-413D-AEBB-2BDB14A65DB5}.Release|x86.ActiveCfg = Release|Any CPU
		{B9916A40-0A7A-413D-AEBB-2BDB14A65DB5}.Release|x86.Build.0 = Release|Any CPU
		{6AB5EC4B-0270-4288-9BB6-001F734250B7}.Debug|Any CPU.ActiveCfg = Debug|Any CPU
		{6AB5EC4B-0270-4288-9BB6-001F734250B7}.Debug|Any CPU.Build.0 = Debug|Any CPU
		{6AB5EC4B-0270-4288-9BB6-001F734250B7}.Debug|ARM.ActiveCfg = Debug|Any CPU
		{6AB5EC4B-0270-4288-9BB6-001F734250B7}.Debug|ARM.Build.0 = Debug|Any CPU
		{6AB5EC4B-0270-4288-9BB6-001F734250B7}.Debug|x64.ActiveCfg = Debug|Any CPU
		{6AB5EC4B-0270-4288-9BB6-001F734250B7}.Debug|x64.Build.0 = Debug|Any CPU
		{6AB5EC4B-0270-4288-9BB6-001F734250B7}.Debug|x86.ActiveCfg = Debug|Any CPU
		{6AB5EC4B-0270-4288-9BB6-001F734250B7}.Debug|x86.Build.0 = Debug|Any CPU
		{6AB5EC4B-0270-4288-9BB6-001F734250B7}.Release|Any CPU.ActiveCfg = Release|Any CPU
		{6AB5EC4B-0270-4288-9BB6-001F734250B7}.Release|Any CPU.Build.0 = Release|Any CPU
		{6AB5EC4B-0270-4288-9BB6-001F734250B7}.Release|ARM.ActiveCfg = Release|Any CPU
		{6AB5EC4B-0270-4288-9BB6-001F734250B7}.Release|ARM.Build.0 = Release|Any CPU
		{6AB5EC4B-0270-4288-9BB6-001F734250B7}.Release|x64.ActiveCfg = Release|Any CPU
		{6AB5EC4B-0270-4288-9BB6-001F734250B7}.Release|x64.Build.0 = Release|Any CPU
		{6AB5EC4B-0270-4288-9BB6-001F734250B7}.Release|x86.ActiveCfg = Release|Any CPU
		{6AB5EC4B-0270-4288-9BB6-001F734250B7}.Release|x86.Build.0 = Release|Any CPU
		{EF844E93-A4DC-4CDB-9CBB-7348ECD90A07}.Debug|Any CPU.ActiveCfg = Debug|Any CPU
		{EF844E93-A4DC-4CDB-9CBB-7348ECD90A07}.Debug|Any CPU.Build.0 = Debug|Any CPU
		{EF844E93-A4DC-4CDB-9CBB-7348ECD90A07}.Debug|ARM.ActiveCfg = Debug|Any CPU
		{EF844E93-A4DC-4CDB-9CBB-7348ECD90A07}.Debug|ARM.Build.0 = Debug|Any CPU
		{EF844E93-A4DC-4CDB-9CBB-7348ECD90A07}.Debug|x64.ActiveCfg = Debug|Any CPU
		{EF844E93-A4DC-4CDB-9CBB-7348ECD90A07}.Debug|x64.Build.0 = Debug|Any CPU
		{EF844E93-A4DC-4CDB-9CBB-7348ECD90A07}.Debug|x86.ActiveCfg = Debug|Any CPU
		{EF844E93-A4DC-4CDB-9CBB-7348ECD90A07}.Debug|x86.Build.0 = Debug|Any CPU
		{EF844E93-A4DC-4CDB-9CBB-7348ECD90A07}.Release|Any CPU.ActiveCfg = Release|Any CPU
		{EF844E93-A4DC-4CDB-9CBB-7348ECD90A07}.Release|Any CPU.Build.0 = Release|Any CPU
		{EF844E93-A4DC-4CDB-9CBB-7348ECD90A07}.Release|ARM.ActiveCfg = Release|Any CPU
		{EF844E93-A4DC-4CDB-9CBB-7348ECD90A07}.Release|ARM.Build.0 = Release|Any CPU
		{EF844E93-A4DC-4CDB-9CBB-7348ECD90A07}.Release|x64.ActiveCfg = Release|Any CPU
		{EF844E93-A4DC-4CDB-9CBB-7348ECD90A07}.Release|x64.Build.0 = Release|Any CPU
		{EF844E93-A4DC-4CDB-9CBB-7348ECD90A07}.Release|x86.ActiveCfg = Release|Any CPU
		{EF844E93-A4DC-4CDB-9CBB-7348ECD90A07}.Release|x86.Build.0 = Release|Any CPU
		{62AC18CA-9192-4555-B03B-421A7590BD15}.Debug|Any CPU.ActiveCfg = Debug|Any CPU
		{62AC18CA-9192-4555-B03B-421A7590BD15}.Debug|Any CPU.Build.0 = Debug|Any CPU
		{62AC18CA-9192-4555-B03B-421A7590BD15}.Debug|ARM.ActiveCfg = Debug|ARM
		{62AC18CA-9192-4555-B03B-421A7590BD15}.Debug|ARM.Build.0 = Debug|ARM
		{62AC18CA-9192-4555-B03B-421A7590BD15}.Debug|x64.ActiveCfg = Debug|x64
		{62AC18CA-9192-4555-B03B-421A7590BD15}.Debug|x64.Build.0 = Debug|x64
		{62AC18CA-9192-4555-B03B-421A7590BD15}.Debug|x86.ActiveCfg = Debug|x86
		{62AC18CA-9192-4555-B03B-421A7590BD15}.Debug|x86.Build.0 = Debug|x86
		{62AC18CA-9192-4555-B03B-421A7590BD15}.Release|Any CPU.ActiveCfg = Release|Any CPU
		{62AC18CA-9192-4555-B03B-421A7590BD15}.Release|Any CPU.Build.0 = Release|Any CPU
		{62AC18CA-9192-4555-B03B-421A7590BD15}.Release|ARM.ActiveCfg = Release|ARM
		{62AC18CA-9192-4555-B03B-421A7590BD15}.Release|ARM.Build.0 = Release|ARM
		{62AC18CA-9192-4555-B03B-421A7590BD15}.Release|x64.ActiveCfg = Release|x64
		{62AC18CA-9192-4555-B03B-421A7590BD15}.Release|x64.Build.0 = Release|x64
		{62AC18CA-9192-4555-B03B-421A7590BD15}.Release|x86.ActiveCfg = Release|x86
		{62AC18CA-9192-4555-B03B-421A7590BD15}.Release|x86.Build.0 = Release|x86
		{30B3D604-B11D-466A-B2AF-0105484E6897}.Debug|Any CPU.ActiveCfg = Debug|Any CPU
		{30B3D604-B11D-466A-B2AF-0105484E6897}.Debug|Any CPU.Build.0 = Debug|Any CPU
		{30B3D604-B11D-466A-B2AF-0105484E6897}.Debug|ARM.ActiveCfg = Debug|ARM
		{30B3D604-B11D-466A-B2AF-0105484E6897}.Debug|ARM.Build.0 = Debug|ARM
		{30B3D604-B11D-466A-B2AF-0105484E6897}.Debug|x64.ActiveCfg = Debug|Any CPU
		{30B3D604-B11D-466A-B2AF-0105484E6897}.Debug|x64.Build.0 = Debug|Any CPU
		{30B3D604-B11D-466A-B2AF-0105484E6897}.Debug|x86.ActiveCfg = Debug|x86
		{30B3D604-B11D-466A-B2AF-0105484E6897}.Debug|x86.Build.0 = Debug|x86
		{30B3D604-B11D-466A-B2AF-0105484E6897}.Release|Any CPU.ActiveCfg = Release|Any CPU
		{30B3D604-B11D-466A-B2AF-0105484E6897}.Release|Any CPU.Build.0 = Release|Any CPU
		{30B3D604-B11D-466A-B2AF-0105484E6897}.Release|ARM.ActiveCfg = Release|ARM
		{30B3D604-B11D-466A-B2AF-0105484E6897}.Release|ARM.Build.0 = Release|ARM
		{30B3D604-B11D-466A-B2AF-0105484E6897}.Release|x64.ActiveCfg = Release|Any CPU
		{30B3D604-B11D-466A-B2AF-0105484E6897}.Release|x64.Build.0 = Release|Any CPU
		{30B3D604-B11D-466A-B2AF-0105484E6897}.Release|x86.ActiveCfg = Release|x86
		{30B3D604-B11D-466A-B2AF-0105484E6897}.Release|x86.Build.0 = Release|x86
		{44634B3A-81B0-4A83-92B6-F60973737A44}.Debug|Any CPU.ActiveCfg = Debug|Any CPU
		{44634B3A-81B0-4A83-92B6-F60973737A44}.Debug|Any CPU.Build.0 = Debug|Any CPU
		{44634B3A-81B0-4A83-92B6-F60973737A44}.Debug|ARM.ActiveCfg = Debug|ARM
		{44634B3A-81B0-4A83-92B6-F60973737A44}.Debug|ARM.Build.0 = Debug|ARM
		{44634B3A-81B0-4A83-92B6-F60973737A44}.Debug|x64.ActiveCfg = Debug|x64
		{44634B3A-81B0-4A83-92B6-F60973737A44}.Debug|x64.Build.0 = Debug|x64
		{44634B3A-81B0-4A83-92B6-F60973737A44}.Debug|x86.ActiveCfg = Debug|x86
		{44634B3A-81B0-4A83-92B6-F60973737A44}.Debug|x86.Build.0 = Debug|x86
		{44634B3A-81B0-4A83-92B6-F60973737A44}.Release|Any CPU.ActiveCfg = Release|Any CPU
		{44634B3A-81B0-4A83-92B6-F60973737A44}.Release|Any CPU.Build.0 = Release|Any CPU
		{44634B3A-81B0-4A83-92B6-F60973737A44}.Release|ARM.ActiveCfg = Release|ARM
		{44634B3A-81B0-4A83-92B6-F60973737A44}.Release|ARM.Build.0 = Release|ARM
		{44634B3A-81B0-4A83-92B6-F60973737A44}.Release|x64.ActiveCfg = Release|x64
		{44634B3A-81B0-4A83-92B6-F60973737A44}.Release|x64.Build.0 = Release|x64
		{44634B3A-81B0-4A83-92B6-F60973737A44}.Release|x86.ActiveCfg = Release|x86
		{44634B3A-81B0-4A83-92B6-F60973737A44}.Release|x86.Build.0 = Release|x86
		{03B7B4C9-F982-480B-8C92-0EED122DA6B6}.Debug|Any CPU.ActiveCfg = Debug|Any CPU
		{03B7B4C9-F982-480B-8C92-0EED122DA6B6}.Debug|Any CPU.Build.0 = Debug|Any CPU
		{03B7B4C9-F982-480B-8C92-0EED122DA6B6}.Debug|ARM.ActiveCfg = Debug|ARM
		{03B7B4C9-F982-480B-8C92-0EED122DA6B6}.Debug|ARM.Build.0 = Debug|ARM
		{03B7B4C9-F982-480B-8C92-0EED122DA6B6}.Debug|x64.ActiveCfg = Debug|Any CPU
		{03B7B4C9-F982-480B-8C92-0EED122DA6B6}.Debug|x64.Build.0 = Debug|Any CPU
		{03B7B4C9-F982-480B-8C92-0EED122DA6B6}.Debug|x86.ActiveCfg = Debug|x86
		{03B7B4C9-F982-480B-8C92-0EED122DA6B6}.Debug|x86.Build.0 = Debug|x86
		{03B7B4C9-F982-480B-8C92-0EED122DA6B6}.Release|Any CPU.ActiveCfg = Release|Any CPU
		{03B7B4C9-F982-480B-8C92-0EED122DA6B6}.Release|Any CPU.Build.0 = Release|Any CPU
		{03B7B4C9-F982-480B-8C92-0EED122DA6B6}.Release|ARM.ActiveCfg = Release|ARM
		{03B7B4C9-F982-480B-8C92-0EED122DA6B6}.Release|ARM.Build.0 = Release|ARM
		{03B7B4C9-F982-480B-8C92-0EED122DA6B6}.Release|x64.ActiveCfg = Release|Any CPU
		{03B7B4C9-F982-480B-8C92-0EED122DA6B6}.Release|x64.Build.0 = Release|Any CPU
		{03B7B4C9-F982-480B-8C92-0EED122DA6B6}.Release|x86.ActiveCfg = Release|x86
		{03B7B4C9-F982-480B-8C92-0EED122DA6B6}.Release|x86.Build.0 = Release|x86
		{DBE23650-8806-4035-8646-D4AB883A68C5}.Debug|Any CPU.ActiveCfg = Debug|Any CPU
		{DBE23650-8806-4035-8646-D4AB883A68C5}.Debug|Any CPU.Build.0 = Debug|Any CPU
		{DBE23650-8806-4035-8646-D4AB883A68C5}.Debug|ARM.ActiveCfg = Debug|Any CPU
		{DBE23650-8806-4035-8646-D4AB883A68C5}.Debug|ARM.Build.0 = Debug|Any CPU
		{DBE23650-8806-4035-8646-D4AB883A68C5}.Debug|x64.ActiveCfg = Debug|Any CPU
		{DBE23650-8806-4035-8646-D4AB883A68C5}.Debug|x64.Build.0 = Debug|Any CPU
		{DBE23650-8806-4035-8646-D4AB883A68C5}.Debug|x86.ActiveCfg = Debug|Any CPU
		{DBE23650-8806-4035-8646-D4AB883A68C5}.Debug|x86.Build.0 = Debug|Any CPU
		{DBE23650-8806-4035-8646-D4AB883A68C5}.Release|Any CPU.ActiveCfg = Release|Any CPU
		{DBE23650-8806-4035-8646-D4AB883A68C5}.Release|Any CPU.Build.0 = Release|Any CPU
		{DBE23650-8806-4035-8646-D4AB883A68C5}.Release|ARM.ActiveCfg = Release|Any CPU
		{DBE23650-8806-4035-8646-D4AB883A68C5}.Release|ARM.Build.0 = Release|Any CPU
		{DBE23650-8806-4035-8646-D4AB883A68C5}.Release|x64.ActiveCfg = Release|Any CPU
		{DBE23650-8806-4035-8646-D4AB883A68C5}.Release|x64.Build.0 = Release|Any CPU
		{DBE23650-8806-4035-8646-D4AB883A68C5}.Release|x86.ActiveCfg = Release|Any CPU
		{DBE23650-8806-4035-8646-D4AB883A68C5}.Release|x86.Build.0 = Release|Any CPU
	EndGlobalSection
	GlobalSection(SolutionProperties) = preSolution
		HideSolutionNode = FALSE
	EndGlobalSection
EndGlobal
